
Microsoft Visual Studio Solution File, Format Version 12.00
# Visual Studio Version 17
VisualStudioVersion = 17.3.32929.385
MinimumVisualStudioVersion = 10.0.40219.1
Project("{9A19103F-16F7-4668-BE54-9A1E7A4F7556}") = "NTBlogWeb", "NTBlogWeb\NTBlogWeb.csproj", "{8FC0146B-DB9E-430A-AE3E-51800AA8DE21}"
EndProject
Global
	GlobalSection(SolutionConfigurationPlatforms) = preSolution
		Debug|Any CPU = Debug|Any CPU
		Release|Any CPU = Release|Any CPU
	EndGlobalSection
	GlobalSection(ProjectConfigurationPlatforms) = postSolution
		{8FC0146B-DB9E-430A-AE3E-51800AA8DE21}.Debug|Any CPU.ActiveCfg = Debug|Any CPU
		{8FC0146B-DB9E-430A-AE3E-51800AA8DE21}.Debug|Any CPU.Build.0 = Debug|Any CPU
		{8FC0146B-DB9E-430A-AE3E-51800AA8DE21}.Release|Any CPU.ActiveCfg = Release|Any CPU
		{8FC0146B-DB9E-430A-AE3E-51800AA8DE21}.Release|Any CPU.Build.0 = Release|Any CPU
	EndGlobalSection
	GlobalSection(SolutionProperties) = preSolution
		HideSolutionNode = FALSE
	EndGlobalSection
	GlobalSection(ExtensibilityGlobals) = postSolution
		SolutionGuid = {8F8B8ACA-8E67-47B8-8DAB-39120D4AD75D}
	EndGlobalSection
EndGlobal
